
Microsoft Visual Studio Solution File, Format Version 12.00
# Visual Studio 15
VisualStudioVersion = 15.0.26124.0
MinimumVisualStudioVersion = 15.0.26124.0
Project("{2150E333-8FDC-42A3-9474-1A3956D46DE8}") = "src", "src", "{81A726FC-7383-4223-B09D-7880C200A0A1}"
EndProject
Project("{FAE04EC0-301F-11D3-BF4B-00C04F79EFBC}") = "IdentityServer", "src\IdentityServer\IdentityServer.csproj", "{ADD527D2-814F-420C-B526-28F77650C89A}"
EndProject
Project("{FAE04EC0-301F-11D3-BF4B-00C04F79EFBC}") = "Api", "src\Api\Api.csproj", "{A5C97E61-2E7A-4234-8A26-2526AB125F9A}"
EndProject
Project("{FAE04EC0-301F-11D3-BF4B-00C04F79EFBC}") = "Client", "src\Client\Client.csproj", "{1010A2CE-8BCC-4B87-B050-D747F01159B9}"
EndProject
Project("{FAE04EC0-301F-11D3-BF4B-00C04F79EFBC}") = "MVCClient", "src\MVCClient\MVCClient.csproj", "{51C838DD-DD6C-4B28-90E9-AD96BE0DB74D}"
EndProject
Project("{FAE04EC0-301F-11D3-BF4B-00C04F79EFBC}") = "IdentityServerAspNetIdentity", "src\IdentityServerAspNetIdentity\IdentityServerAspNetIdentity.csproj", "{8A4C67C8-7757-4AAA-B433-951639A47895}"
EndProject
Global
	GlobalSection(SolutionConfigurationPlatforms) = preSolution
		Debug|Any CPU = Debug|Any CPU
		Debug|x64 = Debug|x64
		Debug|x86 = Debug|x86
		Release|Any CPU = Release|Any CPU
		Release|x64 = Release|x64
		Release|x86 = Release|x86
	EndGlobalSection
	GlobalSection(SolutionProperties) = preSolution
		HideSolutionNode = FALSE
	EndGlobalSection
	GlobalSection(ProjectConfigurationPlatforms) = postSolution
		{ADD527D2-814F-420C-B526-28F77650C89A}.Debug|Any CPU.ActiveCfg = Debug|Any CPU
		{ADD527D2-814F-420C-B526-28F77650C89A}.Debug|Any CPU.Build.0 = Debug|Any CPU
		{ADD527D2-814F-420C-B526-28F77650C89A}.Debug|x64.ActiveCfg = Debug|Any CPU
		{ADD527D2-814F-420C-B526-28F77650C89A}.Debug|x64.Build.0 = Debug|Any CPU
		{ADD527D2-814F-420C-B526-28F77650C89A}.Debug|x86.ActiveCfg = Debug|Any CPU
		{ADD527D2-814F-420C-B526-28F77650C89A}.Debug|x86.Build.0 = Debug|Any CPU
		{ADD527D2-814F-420C-B526-28F77650C89A}.Release|Any CPU.ActiveCfg = Release|Any CPU
		{ADD527D2-814F-420C-B526-28F77650C89A}.Release|Any CPU.Build.0 = Release|Any CPU
		{ADD527D2-814F-420C-B526-28F77650C89A}.Release|x64.ActiveCfg = Release|Any CPU
		{ADD527D2-814F-420C-B526-28F77650C89A}.Release|x64.Build.0 = Release|Any CPU
		{ADD527D2-814F-420C-B526-28F77650C89A}.Release|x86.ActiveCfg = Release|Any CPU
		{ADD527D2-814F-420C-B526-28F77650C89A}.Release|x86.Build.0 = Release|Any CPU
		{A5C97E61-2E7A-4234-8A26-2526AB125F9A}.Debug|Any CPU.ActiveCfg = Debug|Any CPU
		{A5C97E61-2E7A-4234-8A26-2526AB125F9A}.Debug|Any CPU.Build.0 = Debug|Any CPU
		{A5C97E61-2E7A-4234-8A26-2526AB125F9A}.Debug|x64.ActiveCfg = Debug|Any CPU
		{A5C97E61-2E7A-4234-8A26-2526AB125F9A}.Debug|x64.Build.0 = Debug|Any CPU
		{A5C97E61-2E7A-4234-8A26-2526AB125F9A}.Debug|x86.ActiveCfg = Debug|Any CPU
		{A5C97E61-2E7A-4234-8A26-2526AB125F9A}.Debug|x86.Build.0 = Debug|Any CPU
		{A5C97E61-2E7A-4234-8A26-2526AB125F9A}.Release|Any CPU.ActiveCfg = Release|Any CPU
		{A5C97E61-2E7A-4234-8A26-2526AB125F9A}.Release|Any CPU.Build.0 = Release|Any CPU
		{A5C97E61-2E7A-4234-8A26-2526AB125F9A}.Release|x64.ActiveCfg = Release|Any CPU
		{A5C97E61-2E7A-4234-8A26-2526AB125F9A}.Release|x64.Build.0 = Release|Any CPU
		{A5C97E61-2E7A-4234-8A26-2526AB125F9A}.Release|x86.ActiveCfg = Release|Any CPU
		{A5C97E61-2E7A-4234-8A26-2526AB125F9A}.Release|x86.Build.0 = Release|Any CPU
		{1010A2CE-8BCC-4B87-B050-D747F01159B9}.Debug|Any CPU.ActiveCfg = Debug|Any CPU
		{1010A2CE-8BCC-4B87-B050-D747F01159B9}.Debug|Any CPU.Build.0 = Debug|Any CPU
		{1010A2CE-8BCC-4B87-B050-D747F01159B9}.Debug|x64.ActiveCfg = Debug|Any CPU
		{1010A2CE-8BCC-4B87-B050-D747F01159B9}.Debug|x64.Build.0 = Debug|Any CPU
		{1010A2CE-8BCC-4B87-B050-D747F01159B9}.Debug|x86.ActiveCfg = Debug|Any CPU
		{1010A2CE-8BCC-4B87-B050-D747F01159B9}.Debug|x86.Build.0 = Debug|Any CPU
		{1010A2CE-8BCC-4B87-B050-D747F01159B9}.Release|Any CPU.ActiveCfg = Release|Any CPU
		{1010A2CE-8BCC-4B87-B050-D747F01159B9}.Release|Any CPU.Build.0 = Release|Any CPU
		{1010A2CE-8BCC-4B87-B050-D747F01159B9}.Release|x64.ActiveCfg = Release|Any CPU
		{1010A2CE-8BCC-4B87-B050-D747F01159B9}.Release|x64.Build.0 = Release|Any CPU
		{1010A2CE-8BCC-4B87-B050-D747F01159B9}.Release|x86.ActiveCfg = Release|Any CPU
		{1010A2CE-8BCC-4B87-B050-D747F01159B9}.Release|x86.Build.0 = Release|Any CPU
		{51C838DD-DD6C-4B28-90E9-AD96BE0DB74D}.Debug|Any CPU.ActiveCfg = Debug|Any CPU
		{51C838DD-DD6C-4B28-90E9-AD96BE0DB74D}.Debug|Any CPU.Build.0 = Debug|Any CPU
		{51C838DD-DD6C-4B28-90E9-AD96BE0DB74D}.Debug|x64.ActiveCfg = Debug|Any CPU
		{51C838DD-DD6C-4B28-90E9-AD96BE0DB74D}.Debug|x64.Build.0 = Debug|Any CPU
		{51C838DD-DD6C-4B28-90E9-AD96BE0DB74D}.Debug|x86.ActiveCfg = Debug|Any CPU
		{51C838DD-DD6C-4B28-90E9-AD96BE0DB74D}.Debug|x86.Build.0 = Debug|Any CPU
		{51C838DD-DD6C-4B28-90E9-AD96BE0DB74D}.Release|Any CPU.ActiveCfg = Release|Any CPU
		{51C838DD-DD6C-4B28-90E9-AD96BE0DB74D}.Release|Any CPU.Build.0 = Release|Any CPU
		{51C838DD-DD6C-4B28-90E9-AD96BE0DB74D}.Release|x64.ActiveCfg = Release|Any CPU
		{51C838DD-DD6C-4B28-90E9-AD96BE0DB74D}.Release|x64.Build.0 = Release|Any CPU
		{51C838DD-DD6C-4B28-90E9-AD96BE0DB74D}.Release|x86.ActiveCfg = Release|Any CPU
		{51C838DD-DD6C-4B28-90E9-AD96BE0DB74D}.Release|x86.Build.0 = Release|Any CPU
		{8A4C67C8-7757-4AAA-B433-951639A47895}.Debug|Any CPU.ActiveCfg = Debug|Any CPU
		{8A4C67C8-7757-4AAA-B433-951639A47895}.Debug|Any CPU.Build.0 = Debug|Any CPU
		{8A4C67C8-7757-4AAA-B433-951639A47895}.Debug|x64.ActiveCfg = Debug|Any CPU
		{8A4C67C8-7757-4AAA-B433-951639A47895}.Debug|x64.Build.0 = Debug|Any CPU
		{8A4C67C8-7757-4AAA-B433-951639A47895}.Debug|x86.ActiveCfg = Debug|Any CPU
		{8A4C67C8-7757-4AAA-B433-951639A47895}.Debug|x86.Build.0 = Debug|Any CPU
		{8A4C67C8-7757-4AAA-B433-951639A47895}.Release|Any CPU.ActiveCfg = Release|Any CPU
		{8A4C67C8-7757-4AAA-B433-951639A47895}.Release|Any CPU.Build.0 = Release|Any CPU
		{8A4C67C8-7757-4AAA-B433-951639A47895}.Release|x64.ActiveCfg = Release|Any CPU
		{8A4C67C8-7757-4AAA-B433-951639A47895}.Release|x64.Build.0 = Release|Any CPU
		{8A4C67C8-7757-4AAA-B433-951639A47895}.Release|x86.ActiveCfg = Release|Any CPU
		{8A4C67C8-7757-4AAA-B433-951639A47895}.Release|x86.Build.0 = Release|Any CPU
	EndGlobalSection
	GlobalSection(NestedProjects) = preSolution
		{ADD527D2-814F-420C-B526-28F77650C89A} = {81A726FC-7383-4223-B09D-7880C200A0A1}
		{A5C97E61-2E7A-4234-8A26-2526AB125F9A} = {81A726FC-7383-4223-B09D-7880C200A0A1}
		{1010A2CE-8BCC-4B87-B050-D747F01159B9} = {81A726FC-7383-4223-B09D-7880C200A0A1}
		{51C838DD-DD6C-4B28-90E9-AD96BE0DB74D} = {81A726FC-7383-4223-B09D-7880C200A0A1}
		{8A4C67C8-7757-4AAA-B433-951639A47895} = {81A726FC-7383-4223-B09D-7880C200A0A1}
	EndGlobalSection
EndGlobal
